Microsoft Visual Studio Solution File, Format Version 12.00
# Visual Studio Version 17
VisualStudioVersion = 17.5.2.0
MinimumVisualStudioVersion = 10.0.40219.1
Project("{FAE04EC0-301F-11D3-BF4B-00C04F79EFBC}") = "InventoryApp", "backend\InventoryApp.csproj", "{D5804EE7-8DB5-A231-49DB-09239381BF32}"
EndProject
Global
	GlobalSection(SolutionConfigurationPlatforms) = preSolution
		Debug|Any CPU = Debug|Any CPU
		Release|Any CPU = Release|Any CPU
	EndGlobalSection
	GlobalSection(ProjectConfigurationPlatforms) = postSolution
		{D5804EE7-8DB5-A231-49DB-09239381BF32}.Debug|Any CPU.ActiveCfg = Debug|Any CPU
		{D5804EE7-8DB5-A231-49DB-09239381BF32}.Debug|Any CPU.Build.0 = Debug|Any CPU
		{D5804EE7-8DB5-A231-49DB-09239381BF32}.Release|Any CPU.ActiveCfg = Release|Any CPU
		{D5804EE7-8DB5-A231-49DB-09239381BF32}.Release|Any CPU.Build.0 = Release|Any CPU
	EndGlobalSection
	GlobalSection(SolutionProperties) = preSolution
		HideSolutionNode = FALSE
	EndGlobalSection
	GlobalSection(ExtensibilityGlobals) = postSolution
		SolutionGuid = {3261E3AC-CF3B-438B-8E7F-B8601C290D13}
	EndGlobalSection
EndGlobal
